
Microsoft Visual Studio Solution File, Format Version 12.00
# Visual Studio Version 17
VisualStudioVersion = 17.7.34031.279
MinimumVisualStudioVersion = 10.0.40219.1
Project("{FAE04EC0-301F-11D3-BF4B-00C04F79EFBC}") = "01. Cinema", "01. Cinema\01. Cinema.csproj", "{4AE55CF9-8415-469F-A959-2FA1FFFAF203}"
EndProject
Global
	GlobalSection(SolutionConfigurationPlatforms) = preSolution
		Debug|Any CPU = Debug|Any CPU
		Release|Any CPU = Release|Any CPU
	EndGlobalSection
	GlobalSection(ProjectConfigurationPlatforms) = postSolution
		{4AE55CF9-8415-469F-A959-2FA1FFFAF203}.Debug|Any CPU.ActiveCfg = Debug|Any CPU
		{4AE55CF9-8415-469F-A959-2FA1FFFAF203}.Debug|Any CPU.Build.0 = Debug|Any CPU
		{4AE55CF9-8415-469F-A959-2FA1FFFAF203}.Release|Any CPU.ActiveCfg = Release|Any CPU
		{4AE55CF9-8415-469F-A959-2FA1FFFAF203}.Release|Any CPU.Build.0 = Release|Any CPU
	EndGlobalSection
	GlobalSection(SolutionProperties) = preSolution
		HideSolutionNode = FALSE
	EndGlobalSection
	GlobalSection(ExtensibilityGlobals) = postSolution
		SolutionGuid = {39A29D1B-1254-4D6F-819A-E71D89F611D9}
	EndGlobalSection
EndGlobal
